
Microsoft Visual Studio Solution File, Format Version 12.00
# Visual Studio Version 16
VisualStudioVersion = 16.0.30804.86
MinimumVisualStudioVersion = 10.0.40219.1
Project("{8BC9CEB8-8B4A-11D0-8D11-00A0C91BC942}") = "Flappy-Bird", "Flappy-Bird\Flappy-Bird.vcxproj", "{214A9E95-7054-47C6-888C-4CD80AAE07CC}"
EndProject
Project("{8BC9CEB8-8B4A-11D0-8D11-00A0C91BC942}") = "Helicopter-Academy", "Helicopter-Academy\Helicopter-Academy.vcxproj", "{94312790-07E3-4E5B-8AA3-0440E0434BB6}"
EndProject
Global
	GlobalSection(SolutionConfigurationPlatforms) = preSolution
		Debug|x64 = Debug|x64
		Debug|x86 = Debug|x86
		Release|x64 = Release|x64
		Release|x86 = Release|x86
	EndGlobalSection
	GlobalSection(ProjectConfigurationPlatforms) = postSolution
		{214A9E95-7054-47C6-888C-4CD80AAE07CC}.Debug|x64.ActiveCfg = Debug|x64
		{214A9E95-7054-47C6-888C-4CD80AAE07CC}.Debug|x64.Build.0 = Debug|x64
		{214A9E95-7054-47C6-888C-4CD80AAE07CC}.Debug|x86.ActiveCfg = Debug|Win32
		{214A9E95-7054-47C6-888C-4CD80AAE07CC}.Debug|x86.Build.0 = Debug|Win32
		{214A9E95-7054-47C6-888C-4CD80AAE07CC}.Release|x64.ActiveCfg = Release|x64
		{214A9E95-7054-47C6-888C-4CD80AAE07CC}.Release|x64.Build.0 = Release|x64
		{214A9E95-7054-47C6-888C-4CD80AAE07CC}.Release|x86.ActiveCfg = Release|Win32
		{214A9E95-7054-47C6-888C-4CD80AAE07CC}.Release|x86.Build.0 = Release|Win32
		{94312790-07E3-4E5B-8AA3-0440E0434BB6}.Debug|x64.ActiveCfg = Debug|x64
		{94312790-07E3-4E5B-8AA3-0440E0434BB6}.Debug|x64.Build.0 = Debug|x64
		{94312790-07E3-4E5B-8AA3-0440E0434BB6}.Debug|x86.ActiveCfg = Debug|Win32
		{94312790-07E3-4E5B-8AA3-0440E0434BB6}.Debug|x86.Build.0 = Debug|Win32
		{94312790-07E3-4E5B-8AA3-0440E0434BB6}.Release|x64.ActiveCfg = Release|x64
		{94312790-07E3-4E5B-8AA3-0440E0434BB6}.Release|x64.Build.0 = Release|x64
		{94312790-07E3-4E5B-8AA3-0440E0434BB6}.Release|x86.ActiveCfg = Release|Win32
		{94312790-07E3-4E5B-8AA3-0440E0434BB6}.Release|x86.Build.0 = Release|Win32
	EndGlobalSection
	GlobalSection(SolutionProperties) = preSolution
		HideSolutionNode = FALSE
	EndGlobalSection
	GlobalSection(ExtensibilityGlobals) = postSolution
		SolutionGuid = {8CA30302-EFA0-4CB9-9AE1-B2A098EEF5FB}
	EndGlobalSection
EndGlobal
